
Microsoft Visual Studio Solution File, Format Version 12.00
# Visual Studio 15
VisualStudioVersion = 15.0.28307.421
MinimumVisualStudioVersion = 10.0.40219.1
Project("{2150E333-8FDC-42A3-9474-1A3956D46DE8}") = "src", "src", "{9A75F594-9534-41A3-BB7D-9D5C0CC6B6FC}"
EndProject
Project("{2150E333-8FDC-42A3-9474-1A3956D46DE8}") = "samples", "samples", "{46749C08-F778-4D68-B822-4FDB61364CBD}"
EndProject
Project("{2150E333-8FDC-42A3-9474-1A3956D46DE8}") = "Controls", "Controls", "{74FFAED9-2747-4EF8-81C0-4A3CBBA96AE7}"
EndProject
Project("{FAE04EC0-301F-11D3-BF4B-00C04F79EFBC}") = "BindableTextBlockSample", "samples\Controls\BindableTextBlockSample\BindableTextBlockSample.csproj", "{984FAA85-272E-4369-9BD3-BA08488AF7A9}"
EndProject
Project("{2150E333-8FDC-42A3-9474-1A3956D46DE8}") = "Helpers", "Helpers", "{0240EB47-D6AB-4988-BEF6-9A4418DCEBB1}"
EndProject
Project("{FAE04EC0-301F-11D3-BF4B-00C04F79EFBC}") = "TreeViewItemHelperSample", "samples\Helpers\TreeViewItemHelperSample\TreeViewItemHelperSample.csproj", "{346FE1F9-3CF5-46A8-BAF4-A11C6B017BB8}"
EndProject
Project("{FAE04EC0-301F-11D3-BF4B-00C04F79EFBC}") = "ADN.WPF", "src\ADN.WPF\ADN.WPF.csproj", "{4A77829E-0BC9-4DE3-B694-E6EE3306F210}"
EndProject
Global
	GlobalSection(SolutionConfigurationPlatforms) = preSolution
		Debug|Any CPU = Debug|Any CPU
		Release|Any CPU = Release|Any CPU
	EndGlobalSection
	GlobalSection(ProjectConfigurationPlatforms) = postSolution
		{984FAA85-272E-4369-9BD3-BA08488AF7A9}.Debug|Any CPU.ActiveCfg = Debug|Any CPU
		{984FAA85-272E-4369-9BD3-BA08488AF7A9}.Debug|Any CPU.Build.0 = Debug|Any CPU
		{984FAA85-272E-4369-9BD3-BA08488AF7A9}.Release|Any CPU.ActiveCfg = Release|Any CPU
		{984FAA85-272E-4369-9BD3-BA08488AF7A9}.Release|Any CPU.Build.0 = Release|Any CPU
		{346FE1F9-3CF5-46A8-BAF4-A11C6B017BB8}.Debug|Any CPU.ActiveCfg = Debug|Any CPU
		{346FE1F9-3CF5-46A8-BAF4-A11C6B017BB8}.Debug|Any CPU.Build.0 = Debug|Any CPU
		{346FE1F9-3CF5-46A8-BAF4-A11C6B017BB8}.Release|Any CPU.ActiveCfg = Release|Any CPU
		{346FE1F9-3CF5-46A8-BAF4-A11C6B017BB8}.Release|Any CPU.Build.0 = Release|Any CPU
		{4A77829E-0BC9-4DE3-B694-E6EE3306F210}.Debug|Any CPU.ActiveCfg = Debug|Any CPU
		{4A77829E-0BC9-4DE3-B694-E6EE3306F210}.Debug|Any CPU.Build.0 = Debug|Any CPU
		{4A77829E-0BC9-4DE3-B694-E6EE3306F210}.Release|Any CPU.ActiveCfg = Release|Any CPU
		{4A77829E-0BC9-4DE3-B694-E6EE3306F210}.Release|Any CPU.Build.0 = Release|Any CPU
	EndGlobalSection
	GlobalSection(SolutionProperties) = preSolution
		HideSolutionNode = FALSE
	EndGlobalSection
	GlobalSection(NestedProjects) = preSolution
		{74FFAED9-2747-4EF8-81C0-4A3CBBA96AE7} = {46749C08-F778-4D68-B822-4FDB61364CBD}
		{984FAA85-272E-4369-9BD3-BA08488AF7A9} = {74FFAED9-2747-4EF8-81C0-4A3CBBA96AE7}
		{0240EB47-D6AB-4988-BEF6-9A4418DCEBB1} = {46749C08-F778-4D68-B822-4FDB61364CBD}
		{346FE1F9-3CF5-46A8-BAF4-A11C6B017BB8} = {0240EB47-D6AB-4988-BEF6-9A4418DCEBB1}
		{4A77829E-0BC9-4DE3-B694-E6EE3306F210} = {9A75F594-9534-41A3-BB7D-9D5C0CC6B6FC}
	EndGlobalSection
	GlobalSection(ExtensibilityGlobals) = postSolution
		SolutionGuid = {18C81A87-34BE-4EAF-AE4A-2DB83BD14EB4}
	EndGlobalSection
EndGlobal
